
Microsoft Visual Studio Solution File, Format Version 12.00
# Visual Studio Version 17
VisualStudioVersion = 17.11.35222.181
MinimumVisualStudioVersion = 10.0.40219.1
Project("{9A19103F-16F7-4668-BE54-9A1E7A4F7556}") = "Advent1_1", "AdventOfCode2024\Advent1_1.csproj", "{DA16FFDB-98A1-4FD9-99B1-C5F9FE26D12F}"
EndProject
Project("{FAE04EC0-301F-11D3-BF4B-00C04F79EFBC}") = "Advent1_2", "advent1_2\Advent1_2.csproj", "{C7CF3358-A40E-4986-8FD2-ECB2F0F097BC}"
EndProject
Project("{FAE04EC0-301F-11D3-BF4B-00C04F79EFBC}") = "Advent2_1", "Advent2_1\Advent2_1.csproj", "{B6AC390D-D1FD-4366-A626-468A9535562C}"
EndProject
Global
	GlobalSection(SolutionConfigurationPlatforms) = preSolution
		Debug|Any CPU = Debug|Any CPU
		Release|Any CPU = Release|Any CPU
	EndGlobalSection
	GlobalSection(ProjectConfigurationPlatforms) = postSolution
		{DA16FFDB-98A1-4FD9-99B1-C5F9FE26D12F}.Debug|Any CPU.ActiveCfg = Debug|Any CPU
		{DA16FFDB-98A1-4FD9-99B1-C5F9FE26D12F}.Debug|Any CPU.Build.0 = Debug|Any CPU
		{DA16FFDB-98A1-4FD9-99B1-C5F9FE26D12F}.Release|Any CPU.ActiveCfg = Release|Any CPU
		{DA16FFDB-98A1-4FD9-99B1-C5F9FE26D12F}.Release|Any CPU.Build.0 = Release|Any CPU
		{C7CF3358-A40E-4986-8FD2-ECB2F0F097BC}.Debug|Any CPU.ActiveCfg = Debug|Any CPU
		{C7CF3358-A40E-4986-8FD2-ECB2F0F097BC}.Debug|Any CPU.Build.0 = Debug|Any CPU
		{C7CF3358-A40E-4986-8FD2-ECB2F0F097BC}.Release|Any CPU.ActiveCfg = Release|Any CPU
		{C7CF3358-A40E-4986-8FD2-ECB2F0F097BC}.Release|Any CPU.Build.0 = Release|Any CPU
		{B6AC390D-D1FD-4366-A626-468A9535562C}.Debug|Any CPU.ActiveCfg = Debug|Any CPU
		{B6AC390D-D1FD-4366-A626-468A9535562C}.Debug|Any CPU.Build.0 = Debug|Any CPU
		{B6AC390D-D1FD-4366-A626-468A9535562C}.Release|Any CPU.ActiveCfg = Release|Any CPU
		{B6AC390D-D1FD-4366-A626-468A9535562C}.Release|Any CPU.Build.0 = Release|Any CPU
	EndGlobalSection
	GlobalSection(SolutionProperties) = preSolution
		HideSolutionNode = FALSE
	EndGlobalSection
	GlobalSection(ExtensibilityGlobals) = postSolution
		SolutionGuid = {850BB242-4A22-4107-8EDE-11C6DA54EB41}
	EndGlobalSection
EndGlobal
